Microsoft Visual Studio Solution File, Format Version 12.00
# Visual Studio Version 17
VisualStudioVersion = 17.5.2.0
MinimumVisualStudioVersion = 10.0.40219.1
Project("{FAE04EC0-301F-11D3-BF4B-00C04F79EFBC}") = "Part 2", "Part 2.csproj", "{2D768A55-6708-E1F4-788A-7C642A0CC661}"
EndProject
Global
	GlobalSection(SolutionConfigurationPlatforms) = preSolution
		Debug|Any CPU = Debug|Any CPU
		Release|Any CPU = Release|Any CPU
	EndGlobalSection
	GlobalSection(ProjectConfigurationPlatforms) = postSolution
		{2D768A55-6708-E1F4-788A-7C642A0CC661}.Debug|Any CPU.ActiveCfg = Debug|Any CPU
		{2D768A55-6708-E1F4-788A-7C642A0CC661}.Debug|Any CPU.Build.0 = Debug|Any CPU
		{2D768A55-6708-E1F4-788A-7C642A0CC661}.Release|Any CPU.ActiveCfg = Release|Any CPU
		{2D768A55-6708-E1F4-788A-7C642A0CC661}.Release|Any CPU.Build.0 = Release|Any CPU
	EndGlobalSection
	GlobalSection(SolutionProperties) = preSolution
		HideSolutionNode = FALSE
	EndGlobalSection
	GlobalSection(ExtensibilityGlobals) = postSolution
		SolutionGuid = {510443FA-1F30-4DA6-AD19-2F532EAEB192}
	EndGlobalSection
EndGlobal
