Microsoft Visual Studio Solution File, Format Version 12.00
# Visual Studio Version 17
VisualStudioVersion = 17.5.2.0
MinimumVisualStudioVersion = 10.0.40219.1
Project("{FAE04EC0-301F-11D3-BF4B-00C04F79EFBC}") = "Task 1", "Task 1\Task 1.csproj", "{D013FCF0-D853-B84E-3ED9-8014D0C01A42}"
EndProject
Global
	GlobalSection(SolutionConfigurationPlatforms) = preSolution
		Debug|Any CPU = Debug|Any CPU
		Release|Any CPU = Release|Any CPU
	EndGlobalSection
	GlobalSection(ProjectConfigurationPlatforms) = postSolution
		{D013FCF0-D853-B84E-3ED9-8014D0C01A42}.Debug|Any CPU.ActiveCfg = Debug|Any CPU
		{D013FCF0-D853-B84E-3ED9-8014D0C01A42}.Debug|Any CPU.Build.0 = Debug|Any CPU
		{D013FCF0-D853-B84E-3ED9-8014D0C01A42}.Release|Any CPU.ActiveCfg = Release|Any CPU
		{D013FCF0-D853-B84E-3ED9-8014D0C01A42}.Release|Any CPU.Build.0 = Release|Any CPU
	EndGlobalSection
	GlobalSection(SolutionProperties) = preSolution
		HideSolutionNode = FALSE
	EndGlobalSection
	GlobalSection(ExtensibilityGlobals) = postSolution
		SolutionGuid = {43417CD2-1D11-4408-9141-5244078962EF}
	EndGlobalSection
EndGlobal
